{
  "originHash" : "e76b77291f0d1a293ae844c11da8593001a99a6c67b3fb8c0a9e36586e4a6c7e",
  "pins" : [
    {
      "identity" : "launchatlogin-modern",
      "kind" : "remoteSourceControl",
      "location" : "https://github.com/sindresorhus/LaunchAtLogin-Modern",
      "state" : {
        "revision" : "a04ec1c363be3627734f6dad757d82f5d4fa8fcc",
        "version" : "1.1.0"
      }
    },
    {
      "identity" : "tray",
      "kind" : "remoteSourceControl",
      "location" : "https://github.com/boybeak/Tray.git",
      "state" : {
        "branch" : "main",
        "revision" : "1014c1ea7a4e140ae5c33903ef3e408bead0cf22"
      }
    }
  ],
  "version" : 3
}
