{
  "originHash" : "95b4a7d86d6ca24d35d4a4b62f2f0f9e85b34831f3f477c6490663c6dd95bd69",
  "pins" : [
    {
      "identity" : "tray",
      "kind" : "remoteSourceControl",
      "location" : "https://github.com/boybeak/Tray.git",
      "state" : {
        "branch" : "main",
        "revision" : "6f2a64ec6cc10280a3156c3b872a7fac508d1a0c"
      }
    }
  ],
  "version" : 3
}
