{
  "originHash" : "3f7f98846023566404c9a22d9f37b01abd828cd86c1cd9e3fba89436ddcf82ac",
  "pins" : [
    {
      "identity" : "launchatlogin-modern",
      "kind" : "remoteSourceControl",
      "location" : "https://github.com/sindresorhus/LaunchAtLogin-Modern",
      "state" : {
        "revision" : "a04ec1c363be3627734f6dad757d82f5d4fa8fcc",
        "version" : "1.1.0"
      }
    },
    {
      "identity" : "nolaunchwin",
      "kind" : "remoteSourceControl",
      "location" : "https://github.com/boybeak/NoLaunchWin.git",
      "state" : {
        "revision" : "8114836b96375ffe24740bd9c503ca1b0a57324d",
        "version" : "0.0.1"
      }
    },
    {
      "identity" : "tray",
      "kind" : "remoteSourceControl",
      "location" : "https://github.com/boybeak/Tray.git",
      "state" : {
        "branch" : "main",
        "revision" : "1014c1ea7a4e140ae5c33903ef3e408bead0cf22"
      }
    }
  ],
  "version" : 3
}
