// !$*UTF8*$!
{
	archiveVersion = 1;
	classes = {
	};
	objectVersion = 60;
	objects = {

/* Begin PBXBuildFile section */
		8450C9CA2C9D31B00028DDA1 /* NoLaunchWin in Frameworks */ = {isa = PBXBuildFile; productRef = 8450C9C92C9D31B00028DDA1 /* NoLaunchWin */; };
		845A30902C1C169E00834D65 /* Tray in Frameworks */ = {isa = PBXBuildFile; productRef = 845A308F2C1C169E00834D65 /* Tray */; };
		8477D57C2D0DAB6E005B3BC8 /* SwiftUIWindow in Frameworks */ = {isa = PBXBuildFile; productRef = 8477D57B2D0DAB6E005B3BC8 /* SwiftUIWindow */; };
		8477D57F2D0DB0AD005B3BC8 /* Ink in Frameworks */ = {isa = PBXBuildFile; productRef = 8477D57E2D0DB0AD005B3BC8 /* Ink */; };
		8477D5822D0DB2A4005B3BC8 /* GithubReleaseChecker in Frameworks */ = {isa = PBXBuildFile; productRef = 8477D5812D0DB2A4005B3BC8 /* GithubReleaseChecker */; };
		848410692C01CA3F008B0BF4 /* AboutView.swift in Sources */ = {isa = PBXBuildFile; fileRef = 848410682C01CA3F008B0BF4 /* AboutView.swift */; };
		8484106B2C01CA65008B0BF4 /* AboutWinController.swift in Sources */ = {isa = PBXBuildFile; fileRef = 8484106A2C01CA65008B0BF4 /* AboutWinController.swift */; };
		848D7B542C3EA9AE00CF4416 /* LaunchAtLogin in Frameworks */ = {isa = PBXBuildFile; productRef = 848D7B532C3EA9AE00CF4416 /* LaunchAtLogin */; };
		84B19B132C00DE9E006656CA /* JustTodoApp.swift in Sources */ = {isa = PBXBuildFile; fileRef = 84B19B122C00DE9E006656CA /* JustTodoApp.swift */; };
		84B19B152C00DE9E006656CA /* ContentView.swift in Sources */ = {isa = PBXBuildFile; fileRef = 84B19B142C00DE9E006656CA /* ContentView.swift */; };
		84B19B172C00DE9F006656CA /* Assets.xcassets in Resources */ = {isa = PBXBuildFile; fileRef = 84B19B162C00DE9F006656CA /* Assets.xcassets */; };
		84B19B1A2C00DE9F006656CA /* Preview Assets.xcassets in Resources */ = {isa = PBXBuildFile; fileRef = 84B19B192C00DE9F006656CA /* Preview Assets.xcassets */; };
		84B19B1F2C00DE9F006656CA /* JustTodo.xcdatamodeld in Sources */ = {isa = PBXBuildFile; fileRef = 84B19B1D2C00DE9F006656CA /* JustTodo.xcdatamodeld */; };
		84B19B272C00E000006656CA /* AppDelegate.swift in Sources */ = {isa = PBXBuildFile; fileRef = 84B19B262C00E000006656CA /* AppDelegate.swift */; };
		84B19B292C019055006656CA /* WebView.swift in Sources */ = {isa = PBXBuildFile; fileRef = 84B19B282C019055006656CA /* WebView.swift */; };
		84B19B582C019864006656CA /* TodoDB.swift in Sources */ = {isa = PBXBuildFile; fileRef = 84B19B572C019864006656CA /* TodoDB.swift */; };
		84B19B5A2C0198B6006656CA /* JsHandlers.swift in Sources */ = {isa = PBXBuildFile; fileRef = 84B19B592C0198B6006656CA /* JsHandlers.swift */; };
		84B19B642C01AC01006656CA /* Localizable.strings in Resources */ = {isa = PBXBuildFile; fileRef = 84B19B5F2C01AC01006656CA /* Localizable.strings */; };
		84B19B652C01AC01006656CA /* Localizable.strings in Resources */ = {isa = PBXBuildFile; fileRef = 84B19B622C01AC01006656CA /* Localizable.strings */; };
		84B19B7D2C01AC8F006656CA /* abs-bridge.js in Resources */ = {isa = PBXBuildFile; fileRef = 84B19B662C01AC8F006656CA /* abs-bridge.js */; };
		84B19B7E2C01AC8F006656CA /* native-bridge.js in Resources */ = {isa = PBXBuildFile; fileRef = 84B19B672C01AC8F006656CA /* native-bridge.js */; };
		84B19B7F2C01AC8F006656CA /* web-bridge.js in Resources */ = {isa = PBXBuildFile; fileRef = 84B19B682C01AC8F006656CA /* web-bridge.js */; };
		84B19B802C01AC8F006656CA /* en-US.js in Resources */ = {isa = PBXBuildFile; fileRef = 84B19B6A2C01AC8F006656CA /* en-US.js */; };
		84B19B812C01AC8F006656CA /* zh-CN.js in Resources */ = {isa = PBXBuildFile; fileRef = 84B19B6B2C01AC8F006656CA /* zh-CN.js */; };
		84B19B822C01AC8F006656CA /* toast.css in Resources */ = {isa = PBXBuildFile; fileRef = 84B19B6D2C01AC8F006656CA /* toast.css */; };
		84B19B832C01AC8F006656CA /* toast.js in Resources */ = {isa = PBXBuildFile; fileRef = 84B19B6E2C01AC8F006656CA /* toast.js */; };
		84B19B842C01AC8F006656CA /* about.html in Resources */ = {isa = PBXBuildFile; fileRef = 84B19B702C01AC8F006656CA /* about.html */; };
		84B19B852C01AC8F006656CA /* about.js in Resources */ = {isa = PBXBuildFile; fileRef = 84B19B712C01AC8F006656CA /* about.js */; };
		84B19B862C01AC8F006656CA /* AppIcon.svg in Resources */ = {isa = PBXBuildFile; fileRef = 84B19B722C01AC8F006656CA /* AppIcon.svg */; };
		84B19B872C01AC8F006656CA /* empty.svg in Resources */ = {isa = PBXBuildFile; fileRef = 84B19B732C01AC8F006656CA /* empty.svg */; };
		84B19B882C01AC8F006656CA /* icon.png in Resources */ = {isa = PBXBuildFile; fileRef = 84B19B742C01AC8F006656CA /* icon.png */; };
		84B19B892C01AC8F006656CA /* index.css in Resources */ = {isa = PBXBuildFile; fileRef = 84B19B752C01AC8F006656CA /* index.css */; };
		84B19B8A2C01AC8F006656CA /* index.html in Resources */ = {isa = PBXBuildFile; fileRef = 84B19B762C01AC8F006656CA /* index.html */; };
		84B19B8B2C01AC8F006656CA /* keyboard_return.svg in Resources */ = {isa = PBXBuildFile; fileRef = 84B19B772C01AC8F006656CA /* keyboard_return.svg */; };
		84B19B8C2C01AC8F006656CA /* sober.min.js in Resources */ = {isa = PBXBuildFile; fileRef = 84B19B782C01AC8F006656CA /* sober.min.js */; };
		84B19B8E2C01AC8F006656CA /* ui.js in Resources */ = {isa = PBXBuildFile; fileRef = 84B19B7A2C01AC8F006656CA /* ui.js */; };
		84B19B8F2C01AC8F006656CA /* utils.js in Resources */ = {isa = PBXBuildFile; fileRef = 84B19B7B2C01AC8F006656CA /* utils.js */; };
		84C8C7A62C03629400C466AD /* IconManager.swift in Sources */ = {isa = PBXBuildFile; fileRef = 84C8C7A52C03629300C466AD /* IconManager.swift */; };
		84C8C7BA2C04313800C466AD /* icon-account.svg in Resources */ = {isa = PBXBuildFile; fileRef = 84C8C7B42C04313800C466AD /* icon-account.svg */; };
		84C8C7BD2C04313800C466AD /* icon-calendar.svg in Resources */ = {isa = PBXBuildFile; fileRef = 84C8C7B72C04313800C466AD /* icon-calendar.svg */; };
		84C8C7BE2C04313800C466AD /* icon-clock.svg in Resources */ = {isa = PBXBuildFile; fileRef = 84C8C7B82C04313800C466AD /* icon-clock.svg */; };
		84C8C7C22C04322500C466AD /* icon-movie.svg in Resources */ = {isa = PBXBuildFile; fileRef = 84C8C7C02C04322500C466AD /* icon-movie.svg */; };
		84C8C7C32C04322500C466AD /* icon-chart.svg in Resources */ = {isa = PBXBuildFile; fileRef = 84C8C7C12C04322500C466AD /* icon-chart.svg */; };
		84C8C7C52C048E5B00C466AD /* icon-board.svg in Resources */ = {isa = PBXBuildFile; fileRef = 84C8C7C42C048E5B00C466AD /* icon-board.svg */; };
		84C8C7C72C048F3500C466AD /* icon-book.svg in Resources */ = {isa = PBXBuildFile; fileRef = 84C8C7C62C048F3500C466AD /* icon-book.svg */; };
		84C8C7C92C048F6C00C466AD /* icon-application.svg in Resources */ = {isa = PBXBuildFile; fileRef = 84C8C7C82C048F6C00C466AD /* icon-application.svg */; };
		84C8C7CD2C059B0A00C466AD /* tip.css in Resources */ = {isa = PBXBuildFile; fileRef = 84C8C7CA2C059B0A00C466AD /* tip.css */; };
		84C8C7CE2C059B0A00C466AD /* tip.js in Resources */ = {isa = PBXBuildFile; fileRef = 84C8C7CB2C059B0A00C466AD /* tip.js */; };
		84F83D332C06DC340094346C /* Utils.swift in Sources */ = {isa = PBXBuildFile; fileRef = 84F83D322C06DC340094346C /* Utils.swift */; };
		84F83D352C072E330094346C /* square-table.css in Resources */ = {isa = PBXBuildFile; fileRef = 84F83D342C072E330094346C /* square-table.css */; };
		84F83D372C086A240094346C /* Icon.swift in Sources */ = {isa = PBXBuildFile; fileRef = 84F83D362C086A240094346C /* Icon.swift */; };
		84F83D3A2C08B85F0094346C /* IconWinController.swift in Sources */ = {isa = PBXBuildFile; fileRef = 84F83D392C08B85F0094346C /* IconWinController.swift */; };
		84F83D3C2C098AE80094346C /* icons.html in Resources */ = {isa = PBXBuildFile; fileRef = 84F83D3B2C098AE80094346C /* icons.html */; };
		84F83D3E2C098B4A0094346C /* icons.js in Resources */ = {isa = PBXBuildFile; fileRef = 84F83D3D2C098B4A0094346C /* icons.js */; };
		84F83D402C098EE50094346C /* utils.css in Resources */ = {isa = PBXBuildFile; fileRef = 84F83D3F2C098EE50094346C /* utils.css */; };
		84F83D422C0999280094346C /* icons-ui.js in Resources */ = {isa = PBXBuildFile; fileRef = 84F83D412C0999280094346C /* icons-ui.js */; };
/* End PBXBuildFile section */

/* Begin PBXFileReference section */
		848410682C01CA3F008B0BF4 /* AboutView.swift */ = {isa = PBXFileReference; lastKnownFileType = sourcecode.swift; path = AboutView.swift; sourceTree = "<group>"; };
		8484106A2C01CA65008B0BF4 /* AboutWinController.swift */ = {isa = PBXFileReference; lastKnownFileType = sourcecode.swift; path = AboutWinController.swift; sourceTree = "<group>"; };
		84B19B0F2C00DE9E006656CA /* JustTodo.app */ = {isa = PBXFileReference; explicitFileType = wrapper.application; includeInIndex = 0; path = JustTodo.app; sourceTree = BUILT_PRODUCTS_DIR; };
		84B19B122C00DE9E006656CA /* JustTodoApp.swift */ = {isa = PBXFileReference; lastKnownFileType = sourcecode.swift; path = JustTodoApp.swift; sourceTree = "<group>"; };
		84B19B142C00DE9E006656CA /* ContentView.swift */ = {isa = PBXFileReference; lastKnownFileType = sourcecode.swift; path = ContentView.swift; sourceTree = "<group>"; };
		84B19B162C00DE9F006656CA /* Assets.xcassets */ = {isa = PBXFileReference; lastKnownFileType = folder.assetcatalog; path = Assets.xcassets; sourceTree = "<group>"; };
		84B19B192C00DE9F006656CA /* Preview Assets.xcassets */ = {isa = PBXFileReference; lastKnownFileType = folder.assetcatalog; path = "Preview Assets.xcassets"; sourceTree = "<group>"; };
		84B19B1E2C00DE9F006656CA /* JustTodo.xcdatamodel */ = {isa = PBXFileReference; lastKnownFileType = wrapper.xcdatamodel; path = JustTodo.xcdatamodel; sourceTree = "<group>"; };
		84B19B202C00DE9F006656CA /* JustTodo.entitlements */ = {isa = PBXFileReference; lastKnownFileType = text.plist.entitlements; path = JustTodo.entitlements; sourceTree = "<group>"; };
		84B19B262C00E000006656CA /* AppDelegate.swift */ = {isa = PBXFileReference; lastKnownFileType = sourcecode.swift; path = AppDelegate.swift; sourceTree = "<group>"; };
		84B19B282C019055006656CA /* WebView.swift */ = {isa = PBXFileReference; lastKnownFileType = sourcecode.swift; path = WebView.swift; sourceTree = "<group>"; };
		84B19B572C019864006656CA /* TodoDB.swift */ = {isa = PBXFileReference; lastKnownFileType = sourcecode.swift; path = TodoDB.swift; sourceTree = "<group>"; };
		84B19B592C0198B6006656CA /* JsHandlers.swift */ = {isa = PBXFileReference; lastKnownFileType = sourcecode.swift; path = JsHandlers.swift; sourceTree = "<group>"; };
		84B19B5D2C01AB8F006656CA /* Info.plist */ = {isa = PBXFileReference; lastKnownFileType = text.plist; path = Info.plist; sourceTree = "<group>"; };
		84B19B5E2C01AC01006656CA /* zh-Hans */ = {isa = PBXFileReference; lastKnownFileType = text.plist.strings; name = "zh-Hans"; path = Localizable.strings; sourceTree = "<group>"; };
		84B19B612C01AC01006656CA /* en */ = {isa = PBXFileReference; lastKnownFileType = text.plist.strings; name = en; path = Localizable.strings; sourceTree = "<group>"; };
		84B19B662C01AC8F006656CA /* abs-bridge.js */ = {isa = PBXFileReference; fileEncoding = 4; lastKnownFileType = sourcecode.javascript; path = "abs-bridge.js"; sourceTree = "<group>"; };
		84B19B672C01AC8F006656CA /* native-bridge.js */ = {isa = PBXFileReference; fileEncoding = 4; lastKnownFileType = sourcecode.javascript; path = "native-bridge.js"; sourceTree = "<group>"; };
		84B19B682C01AC8F006656CA /* web-bridge.js */ = {isa = PBXFileReference; fileEncoding = 4; lastKnownFileType = sourcecode.javascript; path = "web-bridge.js"; sourceTree = "<group>"; };
		84B19B6A2C01AC8F006656CA /* en-US.js */ = {isa = PBXFileReference; fileEncoding = 4; lastKnownFileType = sourcecode.javascript; path = "en-US.js"; sourceTree = "<group>"; };
		84B19B6B2C01AC8F006656CA /* zh-CN.js */ = {isa = PBXFileReference; fileEncoding = 4; lastKnownFileType = sourcecode.javascript; path = "zh-CN.js"; sourceTree = "<group>"; };
		84B19B6D2C01AC8F006656CA /* toast.css */ = {isa = PBXFileReference; fileEncoding = 4; lastKnownFileType = text.css; path = toast.css; sourceTree = "<group>"; };
		84B19B6E2C01AC8F006656CA /* toast.js */ = {isa = PBXFileReference; fileEncoding = 4; lastKnownFileType = sourcecode.javascript; path = toast.js; sourceTree = "<group>"; };
		84B19B702C01AC8F006656CA /* about.html */ = {isa = PBXFileReference; fileEncoding = 4; lastKnownFileType = text.html; path = about.html; sourceTree = "<group>"; };
		84B19B712C01AC8F006656CA /* about.js */ = {isa = PBXFileReference; fileEncoding = 4; lastKnownFileType = sourcecode.javascript; path = about.js; sourceTree = "<group>"; };
		84B19B722C01AC8F006656CA /* AppIcon.svg */ = {isa = PBXFileReference; fileEncoding = 4; lastKnownFileType = text; path = AppIcon.svg; sourceTree = "<group>"; };
		84B19B732C01AC8F006656CA /* empty.svg */ = {isa = PBXFileReference; fileEncoding = 4; lastKnownFileType = text; path = empty.svg; sourceTree = "<group>"; };
		84B19B742C01AC8F006656CA /* icon.png */ = {isa = PBXFileReference; lastKnownFileType = image.png; path = icon.png; sourceTree = "<group>"; };
		84B19B752C01AC8F006656CA /* index.css */ = {isa = PBXFileReference; fileEncoding = 4; lastKnownFileType = text.css; path = index.css; sourceTree = "<group>"; };
		84B19B762C01AC8F006656CA /* index.html */ = {isa = PBXFileReference; fileEncoding = 4; lastKnownFileType = text.html; path = index.html; sourceTree = "<group>"; };
		84B19B772C01AC8F006656CA /* keyboard_return.svg */ = {isa = PBXFileReference; fileEncoding = 4; lastKnownFileType = text; path = keyboard_return.svg; sourceTree = "<group>"; };
		84B19B782C01AC8F006656CA /* sober.min.js */ = {isa = PBXFileReference; fileEncoding = 4; lastKnownFileType = sourcecode.javascript; path = sober.min.js; sourceTree = "<group>"; };
		84B19B7A2C01AC8F006656CA /* ui.js */ = {isa = PBXFileReference; fileEncoding = 4; lastKnownFileType = sourcecode.javascript; path = ui.js; sourceTree = "<group>"; };
		84B19B7B2C01AC8F006656CA /* utils.js */ = {isa = PBXFileReference; fileEncoding = 4; lastKnownFileType = sourcecode.javascript; path = utils.js; sourceTree = "<group>"; };
		84C8C7A52C03629300C466AD /* IconManager.swift */ = {isa = PBXFileReference; lastKnownFileType = sourcecode.swift; path = IconManager.swift; sourceTree = "<group>"; };
		84C8C7B42C04313800C466AD /* icon-account.svg */ = {isa = PBXFileReference; fileEncoding = 4; lastKnownFileType = text; path = "icon-account.svg"; sourceTree = "<group>"; };
		84C8C7B72C04313800C466AD /* icon-calendar.svg */ = {isa = PBXFileReference; fileEncoding = 4; lastKnownFileType = text; path = "icon-calendar.svg"; sourceTree = "<group>"; };
		84C8C7B82C04313800C466AD /* icon-clock.svg */ = {isa = PBXFileReference; fileEncoding = 4; lastKnownFileType = text; path = "icon-clock.svg"; sourceTree = "<group>"; };
		84C8C7C02C04322500C466AD /* icon-movie.svg */ = {isa = PBXFileReference; fileEncoding = 4; lastKnownFileType = text; path = "icon-movie.svg"; sourceTree = "<group>"; };
		84C8C7C12C04322500C466AD /* icon-chart.svg */ = {isa = PBXFileReference; fileEncoding = 4; lastKnownFileType = text; path = "icon-chart.svg"; sourceTree = "<group>"; };
		84C8C7C42C048E5B00C466AD /* icon-board.svg */ = {isa = PBXFileReference; fileEncoding = 4; lastKnownFileType = text; path = "icon-board.svg"; sourceTree = "<group>"; };
		84C8C7C62C048F3500C466AD /* icon-book.svg */ = {isa = PBXFileReference; fileEncoding = 4; lastKnownFileType = text; path = "icon-book.svg"; sourceTree = "<group>"; };
		84C8C7C82C048F6C00C466AD /* icon-application.svg */ = {isa = PBXFileReference; fileEncoding = 4; lastKnownFileType = text; path = "icon-application.svg"; sourceTree = "<group>"; };
		84C8C7CA2C059B0A00C466AD /* tip.css */ = {isa = PBXFileReference; fileEncoding = 4; lastKnownFileType = text.css; path = tip.css; sourceTree = "<group>"; };
		84C8C7CB2C059B0A00C466AD /* tip.js */ = {isa = PBXFileReference; fileEncoding = 4; lastKnownFileType = sourcecode.javascript; path = tip.js; sourceTree = "<group>"; };
		84F83D322C06DC340094346C /* Utils.swift */ = {isa = PBXFileReference; lastKnownFileType = sourcecode.swift; path = Utils.swift; sourceTree = "<group>"; };
		84F83D342C072E330094346C /* square-table.css */ = {isa = PBXFileReference; fileEncoding = 4; lastKnownFileType = text.css; path = "square-table.css"; sourceTree = "<group>"; };
		84F83D362C086A240094346C /* Icon.swift */ = {isa = PBXFileReference; lastKnownFileType = sourcecode.swift; path = Icon.swift; sourceTree = "<group>"; };
		84F83D392C08B85F0094346C /* IconWinController.swift */ = {isa = PBXFileReference; lastKnownFileType = sourcecode.swift; path = IconWinController.swift; sourceTree = "<group>"; };
		84F83D3B2C098AE80094346C /* icons.html */ = {isa = PBXFileReference; lastKnownFileType = text.html; path = icons.html; sourceTree = "<group>"; };
		84F83D3D2C098B4A0094346C /* icons.js */ = {isa = PBXFileReference; lastKnownFileType = sourcecode.javascript; path = icons.js; sourceTree = "<group>"; };
		84F83D3F2C098EE50094346C /* utils.css */ = {isa = PBXFileReference; lastKnownFileType = text.css; path = utils.css; sourceTree = "<group>"; };
		84F83D412C0999280094346C /* icons-ui.js */ = {isa = PBXFileReference; lastKnownFileType = sourcecode.javascript; path = "icons-ui.js"; sourceTree = "<group>"; };
/* End PBXFileReference section */

/* Begin PBXFrameworksBuildPhase section */
		84B19B0C2C00DE9E006656CA /* Frameworks */ = {
			isa = PBXFrameworksBuildPhase;
			buildActionMask = 2147483647;
			files = (
				8450C9CA2C9D31B00028DDA1 /* NoLaunchWin in Frameworks */,
				8477D5822D0DB2A4005B3BC8 /* GithubReleaseChecker in Frameworks */,
				848D7B542C3EA9AE00CF4416 /* LaunchAtLogin in Frameworks */,
				8477D57F2D0DB0AD005B3BC8 /* Ink in Frameworks */,
				8477D57C2D0DAB6E005B3BC8 /* SwiftUIWindow in Frameworks */,
				845A30902C1C169E00834D65 /* Tray in Frameworks */,
			);
			runOnlyForDeploymentPostprocessing = 0;
		};
/* End PBXFrameworksBuildPhase section */

/* Begin PBXGroup section */
		848410672C01CA20008B0BF4 /* about */ = {
			isa = PBXGroup;
			children = (
				848410682C01CA3F008B0BF4 /* AboutView.swift */,
				8484106A2C01CA65008B0BF4 /* AboutWinController.swift */,
			);
			path = about;
			sourceTree = "<group>";
		};
		84B19B062C00DE9E006656CA = {
			isa = PBXGroup;
			children = (
				84B19B632C01AC01006656CA /* en.lproj */,
				84B19B602C01AC01006656CA /* zh-Hans.lproj */,
				84B19B112C00DE9E006656CA /* JustTodo */,
				84B19B102C00DE9E006656CA /* Products */,
			);
			sourceTree = "<group>";
		};
		84B19B102C00DE9E006656CA /* Products */ = {
			isa = PBXGroup;
			children = (
				84B19B0F2C00DE9E006656CA /* JustTodo.app */,
			);
			name = Products;
			sourceTree = "<group>";
		};
		84B19B112C00DE9E006656CA /* JustTodo */ = {
			isa = PBXGroup;
			children = (
				84F83D382C08B82C0094346C /* icon */,
				84C8C7A72C042ED900C466AD /* svg */,
				848410672C01CA20008B0BF4 /* about */,
				84B19B7C2C01AC8F006656CA /* page */,
				84B19B5D2C01AB8F006656CA /* Info.plist */,
				84B19B122C00DE9E006656CA /* JustTodoApp.swift */,
				84B19B142C00DE9E006656CA /* ContentView.swift */,
				84B19B262C00E000006656CA /* AppDelegate.swift */,
				84B19B282C019055006656CA /* WebView.swift */,
				84B19B572C019864006656CA /* TodoDB.swift */,
				84B19B592C0198B6006656CA /* JsHandlers.swift */,
				84F83D322C06DC340094346C /* Utils.swift */,
				84B19B162C00DE9F006656CA /* Assets.xcassets */,
				84B19B202C00DE9F006656CA /* JustTodo.entitlements */,
				84B19B1D2C00DE9F006656CA /* JustTodo.xcdatamodeld */,
				84B19B182C00DE9F006656CA /* Preview Content */,
			);
			path = JustTodo;
			sourceTree = "<group>";
		};
		84B19B182C00DE9F006656CA /* Preview Content */ = {
			isa = PBXGroup;
			children = (
				84B19B192C00DE9F006656CA /* Preview Assets.xcassets */,
			);
			path = "Preview Content";
			sourceTree = "<group>";
		};
		84B19B602C01AC01006656CA /* zh-Hans.lproj */ = {
			isa = PBXGroup;
			children = (
				84B19B5F2C01AC01006656CA /* Localizable.strings */,
			);
			path = "zh-Hans.lproj";
			sourceTree = "<group>";
		};
		84B19B632C01AC01006656CA /* en.lproj */ = {
			isa = PBXGroup;
			children = (
				84B19B622C01AC01006656CA /* Localizable.strings */,
			);
			path = en.lproj;
			sourceTree = "<group>";
		};
		84B19B692C01AC8F006656CA /* bridge */ = {
			isa = PBXGroup;
			children = (
				84B19B662C01AC8F006656CA /* abs-bridge.js */,
				84B19B672C01AC8F006656CA /* native-bridge.js */,
				84B19B682C01AC8F006656CA /* web-bridge.js */,
			);
			path = bridge;
			sourceTree = "<group>";
		};
		84B19B6C2C01AC8F006656CA /* lang */ = {
			isa = PBXGroup;
			children = (
				84B19B6A2C01AC8F006656CA /* en-US.js */,
				84B19B6B2C01AC8F006656CA /* zh-CN.js */,
			);
			path = lang;
			sourceTree = "<group>";
		};
		84B19B6F2C01AC8F006656CA /* toast */ = {
			isa = PBXGroup;
			children = (
				84B19B6D2C01AC8F006656CA /* toast.css */,
				84B19B6E2C01AC8F006656CA /* toast.js */,
			);
			path = toast;
			sourceTree = "<group>";
		};
		84B19B7C2C01AC8F006656CA /* page */ = {
			isa = PBXGroup;
			children = (
				84C8C7CC2C059B0A00C466AD /* tip */,
				84B19B692C01AC8F006656CA /* bridge */,
				84B19B6C2C01AC8F006656CA /* lang */,
				84B19B6F2C01AC8F006656CA /* toast */,
				84B19B702C01AC8F006656CA /* about.html */,
				84B19B712C01AC8F006656CA /* about.js */,
				84F83D342C072E330094346C /* square-table.css */,
				84B19B722C01AC8F006656CA /* AppIcon.svg */,
				84B19B732C01AC8F006656CA /* empty.svg */,
				84B19B742C01AC8F006656CA /* icon.png */,
				84B19B752C01AC8F006656CA /* index.css */,
				84B19B762C01AC8F006656CA /* index.html */,
				84B19B772C01AC8F006656CA /* keyboard_return.svg */,
				84B19B782C01AC8F006656CA /* sober.min.js */,
				84B19B7A2C01AC8F006656CA /* ui.js */,
				84B19B7B2C01AC8F006656CA /* utils.js */,
				84F83D3B2C098AE80094346C /* icons.html */,
				84F83D3D2C098B4A0094346C /* icons.js */,
				84F83D3F2C098EE50094346C /* utils.css */,
				84F83D412C0999280094346C /* icons-ui.js */,
			);
			name = page;
			path = ../../page;
			sourceTree = "<group>";
		};
		84C8C7A72C042ED900C466AD /* svg */ = {
			isa = PBXGroup;
			children = (
				84C8C7C42C048E5B00C466AD /* icon-board.svg */,
				84C8C7C82C048F6C00C466AD /* icon-application.svg */,
				84C8C7C62C048F3500C466AD /* icon-book.svg */,
				84C8C7B42C04313800C466AD /* icon-account.svg */,
				84C8C7B72C04313800C466AD /* icon-calendar.svg */,
				84C8C7C12C04322500C466AD /* icon-chart.svg */,
				84C8C7C02C04322500C466AD /* icon-movie.svg */,
				84C8C7B82C04313800C466AD /* icon-clock.svg */,
			);
			path = svg;
			sourceTree = "<group>";
		};
		84C8C7CC2C059B0A00C466AD /* tip */ = {
			isa = PBXGroup;
			children = (
				84C8C7CA2C059B0A00C466AD /* tip.css */,
				84C8C7CB2C059B0A00C466AD /* tip.js */,
			);
			path = tip;
			sourceTree = "<group>";
		};
		84F83D382C08B82C0094346C /* icon */ = {
			isa = PBXGroup;
			children = (
				84C8C7A52C03629300C466AD /* IconManager.swift */,
				84F83D362C086A240094346C /* Icon.swift */,
				84F83D392C08B85F0094346C /* IconWinController.swift */,
			);
			path = icon;
			sourceTree = "<group>";
		};
/* End PBXGroup section */

/* Begin PBXNativeTarget section */
		84B19B0E2C00DE9E006656CA /* JustTodo */ = {
			isa = PBXNativeTarget;
			buildConfigurationList = 84B19B232C00DE9F006656CA /* Build configuration list for PBXNativeTarget "JustTodo" */;
			buildPhases = (
				84B19B0B2C00DE9E006656CA /* Sources */,
				84B19B0C2C00DE9E006656CA /* Frameworks */,
				84B19B0D2C00DE9E006656CA /* Resources */,
			);
			buildRules = (
			);
			dependencies = (
			);
			name = JustTodo;
			packageProductDependencies = (
				845A308F2C1C169E00834D65 /* Tray */,
				848D7B532C3EA9AE00CF4416 /* LaunchAtLogin */,
				8450C9C92C9D31B00028DDA1 /* NoLaunchWin */,
				8477D57B2D0DAB6E005B3BC8 /* SwiftUIWindow */,
				8477D57E2D0DB0AD005B3BC8 /* Ink */,
				8477D5812D0DB2A4005B3BC8 /* GithubReleaseChecker */,
			);
			productName = JustTodo;
			productReference = 84B19B0F2C00DE9E006656CA /* JustTodo.app */;
			productType = "com.apple.product-type.application";
		};
/* End PBXNativeTarget section */

/* Begin PBXProject section */
		84B19B072C00DE9E006656CA /* Project object */ = {
			isa = PBXProject;
			attributes = {
				BuildIndependentTargetsInParallel = 1;
				LastSwiftUpdateCheck = 1530;
				LastUpgradeCheck = 1530;
				TargetAttributes = {
					84B19B0E2C00DE9E006656CA = {
						CreatedOnToolsVersion = 15.3;
					};
				};
			};
			buildConfigurationList = 84B19B0A2C00DE9E006656CA /* Build configuration list for PBXProject "JustTodo" */;
			compatibilityVersion = "Xcode 14.0";
			developmentRegion = en;
			hasScannedForEncodings = 0;
			knownRegions = (
				en,
				Base,
				"zh-Hans",
			);
			mainGroup = 84B19B062C00DE9E006656CA;
			packageReferences = (
				845A308E2C1C169E00834D65 /* XCRemoteSwiftPackageReference "Tray" */,
				848D7B522C3EA9AE00CF4416 /* XCRemoteSwiftPackageReference "LaunchAtLogin-Modern" */,
				8450C9C82C9D31B00028DDA1 /* XCRemoteSwiftPackageReference "NoLaunchWin" */,
				8477D57A2D0DAB6E005B3BC8 /* XCRemoteSwiftPackageReference "SwiftUIWindow" */,
				8477D57D2D0DB0AD005B3BC8 /* XCRemoteSwiftPackageReference "ink" */,
				8477D5802D0DB2A4005B3BC8 /* XCLocalSwiftPackageReference "../../GithubReleaseChecker" */,
			);
			productRefGroup = 84B19B102C00DE9E006656CA /* Products */;
			projectDirPath = "";
			projectRoot = "";
			targets = (
				84B19B0E2C00DE9E006656CA /* JustTodo */,
			);
		};
/* End PBXProject section */

/* Begin PBXResourcesBuildPhase section */
		84B19B0D2C00DE9E006656CA /* Resources */ = {
			isa = PBXResourcesBuildPhase;
			buildActionMask = 2147483647;
			files = (
				84C8C7C22C04322500C466AD /* icon-movie.svg in Resources */,
				84F83D352C072E330094346C /* square-table.css in Resources */,
				84B19B8E2C01AC8F006656CA /* ui.js in Resources */,
				84B19B852C01AC8F006656CA /* about.js in Resources */,
				84B19B8F2C01AC8F006656CA /* utils.js in Resources */,
				84B19B842C01AC8F006656CA /* about.html in Resources */,
				84B19B7F2C01AC8F006656CA /* web-bridge.js in Resources */,
				84B19B8A2C01AC8F006656CA /* index.html in Resources */,
				84B19B7E2C01AC8F006656CA /* native-bridge.js in Resources */,
				84C8C7BE2C04313800C466AD /* icon-clock.svg in Resources */,
				84C8C7C32C04322500C466AD /* icon-chart.svg in Resources */,
				84C8C7C92C048F6C00C466AD /* icon-application.svg in Resources */,
				84C8C7CE2C059B0A00C466AD /* tip.js in Resources */,
				84C8C7CD2C059B0A00C466AD /* tip.css in Resources */,
				84B19B892C01AC8F006656CA /* index.css in Resources */,
				84B19B882C01AC8F006656CA /* icon.png in Resources */,
				84B19B652C01AC01006656CA /* Localizable.strings in Resources */,
				84F83D3C2C098AE80094346C /* icons.html in Resources */,
				84F83D422C0999280094346C /* icons-ui.js in Resources */,
				84B19B8C2C01AC8F006656CA /* sober.min.js in Resources */,
				84C8C7C72C048F3500C466AD /* icon-book.svg in Resources */,
				84B19B812C01AC8F006656CA /* zh-CN.js in Resources */,
				84B19B802C01AC8F006656CA /* en-US.js in Resources */,
				84C8C7BD2C04313800C466AD /* icon-calendar.svg in Resources */,
				84B19B862C01AC8F006656CA /* AppIcon.svg in Resources */,
				84B19B1A2C00DE9F006656CA /* Preview Assets.xcassets in Resources */,
				84F83D3E2C098B4A0094346C /* icons.js in Resources */,
				84B19B7D2C01AC8F006656CA /* abs-bridge.js in Resources */,
				84C8C7C52C048E5B00C466AD /* icon-board.svg in Resources */,
				84B19B642C01AC01006656CA /* Localizable.strings in Resources */,
				84B19B872C01AC8F006656CA /* empty.svg in Resources */,
				84B19B8B2C01AC8F006656CA /* keyboard_return.svg in Resources */,
				84C8C7BA2C04313800C466AD /* icon-account.svg in Resources */,
				84B19B172C00DE9F006656CA /* Assets.xcassets in Resources */,
				84F83D402C098EE50094346C /* utils.css in Resources */,
				84B19B822C01AC8F006656CA /* toast.css in Resources */,
				84B19B832C01AC8F006656CA /* toast.js in Resources */,
			);
			runOnlyForDeploymentPostprocessing = 0;
		};
/* End PBXResourcesBuildPhase section */

/* Begin PBXSourcesBuildPhase section */
		84B19B0B2C00DE9E006656CA /* Sources */ = {
			isa = PBXSourcesBuildPhase;
			buildActionMask = 2147483647;
			files = (
				84B19B1F2C00DE9F006656CA /* JustTodo.xcdatamodeld in Sources */,
				84B19B292C019055006656CA /* WebView.swift in Sources */,
				84B19B5A2C0198B6006656CA /* JsHandlers.swift in Sources */,
				84B19B152C00DE9E006656CA /* ContentView.swift in Sources */,
				848410692C01CA3F008B0BF4 /* AboutView.swift in Sources */,
				84B19B582C019864006656CA /* TodoDB.swift in Sources */,
				84B19B272C00E000006656CA /* AppDelegate.swift in Sources */,
				84B19B132C00DE9E006656CA /* JustTodoApp.swift in Sources */,
				84F83D3A2C08B85F0094346C /* IconWinController.swift in Sources */,
				84F83D372C086A240094346C /* Icon.swift in Sources */,
				84C8C7A62C03629400C466AD /* IconManager.swift in Sources */,
				8484106B2C01CA65008B0BF4 /* AboutWinController.swift in Sources */,
				84F83D332C06DC340094346C /* Utils.swift in Sources */,
			);
			runOnlyForDeploymentPostprocessing = 0;
		};
/* End PBXSourcesBuildPhase section */

/* Begin PBXVariantGroup section */
		84B19B5F2C01AC01006656CA /* Localizable.strings */ = {
			isa = PBXVariantGroup;
			children = (
				84B19B5E2C01AC01006656CA /* zh-Hans */,
			);
			name = Localizable.strings;
			sourceTree = "<group>";
		};
		84B19B622C01AC01006656CA /* Localizable.strings */ = {
			isa = PBXVariantGroup;
			children = (
				84B19B612C01AC01006656CA /* en */,
			);
			name = Localizable.strings;
			sourceTree = "<group>";
		};
/* End PBXVariantGroup section */

/* Begin XCBuildConfiguration section */
		84B19B212C00DE9F006656CA /* Debug */ = {
			isa = XCBuildConfiguration;
			buildSettings = {
				ALWAYS_SEARCH_USER_PATHS = NO;
				ASSETCATALOG_COMPILER_GENERATE_SWIFT_ASSET_SYMBOL_EXTENSIONS = YES;
				CLANG_ANALYZER_NONNULL = YES;
				CLANG_ANALYZER_NUMBER_OBJECT_CONVERSION = YES_AGGRESSIVE;
				CLANG_CXX_LANGUAGE_STANDARD = "gnu++20";
				CLANG_ENABLE_MODULES = YES;
				CLANG_ENABLE_OBJC_ARC = YES;
				CLANG_ENABLE_OBJC_WEAK = YES;
				CLANG_WARN_BLOCK_CAPTURE_AUTORELEASING = YES;
				CLANG_WARN_BOOL_CONVERSION = YES;
				CLANG_WARN_COMMA = YES;
				CLANG_WARN_CONSTANT_CONVERSION = YES;
				CLANG_WARN_DEPRECATED_OBJC_IMPLEMENTATIONS = YES;
				CLANG_WARN_DIRECT_OBJC_ISA_USAGE = YES_ERROR;
				CLANG_WARN_DOCUMENTATION_COMMENTS = YES;
				CLANG_WARN_EMPTY_BODY = YES;
				CLANG_WARN_ENUM_CONVERSION = YES;
				CLANG_WARN_INFINITE_RECURSION = YES;
				CLANG_WARN_INT_CONVERSION = YES;
				CLANG_WARN_NON_LITERAL_NULL_CONVERSION = YES;
				CLANG_WARN_OBJC_IMPLICIT_RETAIN_SELF = YES;
				CLANG_WARN_OBJC_LITERAL_CONVERSION = YES;
				CLANG_WARN_OBJC_ROOT_CLASS = YES_ERROR;
				CLANG_WARN_QUOTED_INCLUDE_IN_FRAMEWORK_HEADER = YES;
				CLANG_WARN_RANGE_LOOP_ANALYSIS = YES;
				CLANG_WARN_STRICT_PROTOTYPES = YES;
				CLANG_WARN_SUSPICIOUS_MOVE = YES;
				CLANG_WARN_UNGUARDED_AVAILABILITY = YES_AGGRESSIVE;
				CLANG_WARN_UNREACHABLE_CODE = YES;
				CLANG_WARN__DUPLICATE_METHOD_MATCH = YES;
				COPY_PHASE_STRIP = NO;
				DEBUG_INFORMATION_FORMAT = dwarf;
				ENABLE_STRICT_OBJC_MSGSEND = YES;
				ENABLE_TESTABILITY = YES;
				ENABLE_USER_SCRIPT_SANDBOXING = YES;
				GCC_C_LANGUAGE_STANDARD = gnu17;
				GCC_DYNAMIC_NO_PIC = NO;
				GCC_NO_COMMON_BLOCKS = YES;
				GCC_OPTIMIZATION_LEVEL = 0;
				GCC_PREPROCESSOR_DEFINITIONS = (
					"DEBUG=1",
					"$(inherited)",
				);
				GCC_WARN_64_TO_32_BIT_CONVERSION = YES;
				GCC_WARN_ABOUT_RETURN_TYPE = YES_ERROR;
				GCC_WARN_UNDECLARED_SELECTOR = YES;
				GCC_WARN_UNINITIALIZED_AUTOS = YES_AGGRESSIVE;
				GCC_WARN_UNUSED_FUNCTION = YES;
				GCC_WARN_UNUSED_VARIABLE = YES;
				LOCALIZATION_PREFERS_STRING_CATALOGS = YES;
				MACOSX_DEPLOYMENT_TARGET = 14.4;
				MTL_ENABLE_DEBUG_INFO = INCLUDE_SOURCE;
				MTL_FAST_MATH = YES;
				ONLY_ACTIVE_ARCH = YES;
				SDKROOT = macosx;
				SWIFT_ACTIVE_COMPILATION_CONDITIONS = "DEBUG $(inherited)";
				SWIFT_OPTIMIZATION_LEVEL = "-Onone";
			};
			name = Debug;
		};
		84B19B222C00DE9F006656CA /* Release */ = {
			isa = XCBuildConfiguration;
			buildSettings = {
				ALWAYS_SEARCH_USER_PATHS = NO;
				ASSETCATALOG_COMPILER_GENERATE_SWIFT_ASSET_SYMBOL_EXTENSIONS = YES;
				CLANG_ANALYZER_NONNULL = YES;
				CLANG_ANALYZER_NUMBER_OBJECT_CONVERSION = YES_AGGRESSIVE;
				CLANG_CXX_LANGUAGE_STANDARD = "gnu++20";
				CLANG_ENABLE_MODULES = YES;
				CLANG_ENABLE_OBJC_ARC = YES;
				CLANG_ENABLE_OBJC_WEAK = YES;
				CLANG_WARN_BLOCK_CAPTURE_AUTORELEASING = YES;
				CLANG_WARN_BOOL_CONVERSION = YES;
				CLANG_WARN_COMMA = YES;
				CLANG_WARN_CONSTANT_CONVERSION = YES;
				CLANG_WARN_DEPRECATED_OBJC_IMPLEMENTATIONS = YES;
				CLANG_WARN_DIRECT_OBJC_ISA_USAGE = YES_ERROR;
				CLANG_WARN_DOCUMENTATION_COMMENTS = YES;
				CLANG_WARN_EMPTY_BODY = YES;
				CLANG_WARN_ENUM_CONVERSION = YES;
				CLANG_WARN_INFINITE_RECURSION = YES;
				CLANG_WARN_INT_CONVERSION = YES;
				CLANG_WARN_NON_LITERAL_NULL_CONVERSION = YES;
				CLANG_WARN_OBJC_IMPLICIT_RETAIN_SELF = YES;
				CLANG_WARN_OBJC_LITERAL_CONVERSION = YES;
				CLANG_WARN_OBJC_ROOT_CLASS = YES_ERROR;
				CLANG_WARN_QUOTED_INCLUDE_IN_FRAMEWORK_HEADER = YES;
				CLANG_WARN_RANGE_LOOP_ANALYSIS = YES;
				CLANG_WARN_STRICT_PROTOTYPES = YES;
				CLANG_WARN_SUSPICIOUS_MOVE = YES;
				CLANG_WARN_UNGUARDED_AVAILABILITY = YES_AGGRESSIVE;
				CLANG_WARN_UNREACHABLE_CODE = YES;
				CLANG_WARN__DUPLICATE_METHOD_MATCH = YES;
				COPY_PHASE_STRIP = NO;
				DEBUG_INFORMATION_FORMAT = "dwarf-with-dsym";
				ENABLE_NS_ASSERTIONS = NO;
				ENABLE_STRICT_OBJC_MSGSEND = YES;
				ENABLE_USER_SCRIPT_SANDBOXING = YES;
				GCC_C_LANGUAGE_STANDARD = gnu17;
				GCC_NO_COMMON_BLOCKS = YES;
				GCC_WARN_64_TO_32_BIT_CONVERSION = YES;
				GCC_WARN_ABOUT_RETURN_TYPE = YES_ERROR;
				GCC_WARN_UNDECLARED_SELECTOR = YES;
				GCC_WARN_UNINITIALIZED_AUTOS = YES_AGGRESSIVE;
				GCC_WARN_UNUSED_FUNCTION = YES;
				GCC_WARN_UNUSED_VARIABLE = YES;
				LOCALIZATION_PREFERS_STRING_CATALOGS = YES;
				MACOSX_DEPLOYMENT_TARGET = 14.4;
				MTL_ENABLE_DEBUG_INFO = NO;
				MTL_FAST_MATH = YES;
				SDKROOT = macosx;
				SWIFT_COMPILATION_MODE = wholemodule;
			};
			name = Release;
		};
		84B19B242C00DE9F006656CA /* Debug */ = {
			isa = XCBuildConfiguration;
			buildSettings = {
				ASSETCATALOG_COMPILER_APPICON_NAME = AppIcon;
				ASSETCATALOG_COMPILER_GLOBAL_ACCENT_COLOR_NAME = AccentColor;
				CODE_SIGN_ENTITLEMENTS = JustTodo/JustTodo.entitlements;
				CODE_SIGN_STYLE = Automatic;
				COMBINE_HIDPI_IMAGES = YES;
				CURRENT_PROJECT_VERSION = 1310;
				DEVELOPMENT_ASSET_PATHS = "\"JustTodo/Preview Content\"";
				ENABLE_PREVIEWS = YES;
				GENERATE_INFOPLIST_FILE = YES;
				INFOPLIST_FILE = JustTodo/Info.plist;
				INFOPLIST_KEY_LSUIElement = YES;
				INFOPLIST_KEY_NSHumanReadableCopyright = "";
				LD_RUNPATH_SEARCH_PATHS = (
					"$(inherited)",
					"@executable_path/../Frameworks",
				);
				MARKETING_VERSION = 1.3.10;
				PRODUCT_BUNDLE_IDENTIFIER = com.github.boybeak.JustTodo;
				PRODUCT_NAME = "$(TARGET_NAME)";
				SWIFT_EMIT_LOC_STRINGS = YES;
				SWIFT_VERSION = 5.0;
			};
			name = Debug;
		};
		84B19B252C00DE9F006656CA /* Release */ = {
			isa = XCBuildConfiguration;
			buildSettings = {
				ASSETCATALOG_COMPILER_APPICON_NAME = AppIcon;
				ASSETCATALOG_COMPILER_GLOBAL_ACCENT_COLOR_NAME = AccentColor;
				CODE_SIGN_ENTITLEMENTS = JustTodo/JustTodo.entitlements;
				CODE_SIGN_STYLE = Automatic;
				COMBINE_HIDPI_IMAGES = YES;
				CURRENT_PROJECT_VERSION = 1310;
				DEVELOPMENT_ASSET_PATHS = "\"JustTodo/Preview Content\"";
				ENABLE_PREVIEWS = YES;
				GENERATE_INFOPLIST_FILE = YES;
				INFOPLIST_FILE = JustTodo/Info.plist;
				INFOPLIST_KEY_LSUIElement = YES;
				INFOPLIST_KEY_NSHumanReadableCopyright = "";
				LD_RUNPATH_SEARCH_PATHS = (
					"$(inherited)",
					"@executable_path/../Frameworks",
				);
				MARKETING_VERSION = 1.3.10;
				PRODUCT_BUNDLE_IDENTIFIER = com.github.boybeak.JustTodo;
				PRODUCT_NAME = "$(TARGET_NAME)";
				SWIFT_EMIT_LOC_STRINGS = YES;
				SWIFT_VERSION = 5.0;
			};
			name = Release;
		};
/* End XCBuildConfiguration section */

/* Begin XCConfigurationList section */
		84B19B0A2C00DE9E006656CA /* Build configuration list for PBXProject "JustTodo" */ = {
			isa = XCConfigurationList;
			buildConfigurations = (
				84B19B212C00DE9F006656CA /* Debug */,
				84B19B222C00DE9F006656CA /* Release */,
			);
			defaultConfigurationIsVisible = 0;
			defaultConfigurationName = Release;
		};
		84B19B232C00DE9F006656CA /* Build configuration list for PBXNativeTarget "JustTodo" */ = {
			isa = XCConfigurationList;
			buildConfigurations = (
				84B19B242C00DE9F006656CA /* Debug */,
				84B19B252C00DE9F006656CA /* Release */,
			);
			defaultConfigurationIsVisible = 0;
			defaultConfigurationName = Release;
		};
/* End XCConfigurationList section */

/* Begin XCLocalSwiftPackageReference section */
		8477D5802D0DB2A4005B3BC8 /* XCLocalSwiftPackageReference "../../GithubReleaseChecker" */ = {
			isa = XCLocalSwiftPackageReference;
			relativePath = ../../GithubReleaseChecker;
		};
/* End XCLocalSwiftPackageReference section */

/* Begin XCRemoteSwiftPackageReference section */
		8450C9C82C9D31B00028DDA1 /* XCRemoteSwiftPackageReference "NoLaunchWin" */ = {
			isa = XCRemoteSwiftPackageReference;
			repositoryURL = "https://github.com/boybeak/NoLaunchWin.git";
			requirement = {
				kind = upToNextMajorVersion;
				minimumVersion = 0.0.1;
			};
		};
		845A308E2C1C169E00834D65 /* XCRemoteSwiftPackageReference "Tray" */ = {
			isa = XCRemoteSwiftPackageReference;
			repositoryURL = "https://github.com/boybeak/Tray.git";
			requirement = {
				branch = main;
				kind = branch;
			};
		};
		8477D57A2D0DAB6E005B3BC8 /* XCRemoteSwiftPackageReference "SwiftUIWindow" */ = {
			isa = XCRemoteSwiftPackageReference;
			repositoryURL = "https://github.com/boybeak/SwiftUIWindow.git";
			requirement = {
				kind = upToNextMajorVersion;
				minimumVersion = 0.0.1;
			};
		};
		8477D57D2D0DB0AD005B3BC8 /* XCRemoteSwiftPackageReference "ink" */ = {
			isa = XCRemoteSwiftPackageReference;
			repositoryURL = "https://github.com/johnsundell/ink.git";
			requirement = {
				kind = upToNextMajorVersion;
				minimumVersion = 0.6.0;
			};
		};
		848D7B522C3EA9AE00CF4416 /* XCRemoteSwiftPackageReference "LaunchAtLogin-Modern" */ = {
			isa = XCRemoteSwiftPackageReference;
			repositoryURL = "https://github.com/sindresorhus/LaunchAtLogin-Modern";
			requirement = {
				kind = upToNextMajorVersion;
				minimumVersion = 1.0.0;
			};
		};
/* End XCRemoteSwiftPackageReference section */

/* Begin XCSwiftPackageProductDependency section */
		8450C9C92C9D31B00028DDA1 /* NoLaunchWin */ = {
			isa = XCSwiftPackageProductDependency;
			package = 8450C9C82C9D31B00028DDA1 /* XCRemoteSwiftPackageReference "NoLaunchWin" */;
			productName = NoLaunchWin;
		};
		845A308F2C1C169E00834D65 /* Tray */ = {
			isa = XCSwiftPackageProductDependency;
			package = 845A308E2C1C169E00834D65 /* XCRemoteSwiftPackageReference "Tray" */;
			productName = Tray;
		};
		8477D57B2D0DAB6E005B3BC8 /* SwiftUIWindow */ = {
			isa = XCSwiftPackageProductDependency;
			package = 8477D57A2D0DAB6E005B3BC8 /* XCRemoteSwiftPackageReference "SwiftUIWindow" */;
			productName = SwiftUIWindow;
		};
		8477D57E2D0DB0AD005B3BC8 /* Ink */ = {
			isa = XCSwiftPackageProductDependency;
			package = 8477D57D2D0DB0AD005B3BC8 /* XCRemoteSwiftPackageReference "ink" */;
			productName = Ink;
		};
		8477D5812D0DB2A4005B3BC8 /* GithubReleaseChecker */ = {
			isa = XCSwiftPackageProductDependency;
			productName = GithubReleaseChecker;
		};
		848D7B532C3EA9AE00CF4416 /* LaunchAtLogin */ = {
			isa = XCSwiftPackageProductDependency;
			package = 848D7B522C3EA9AE00CF4416 /* XCRemoteSwiftPackageReference "LaunchAtLogin-Modern" */;
			productName = LaunchAtLogin;
		};
/* End XCSwiftPackageProductDependency section */

/* Begin XCVersionGroup section */
		84B19B1D2C00DE9F006656CA /* JustTodo.xcdatamodeld */ = {
			isa = XCVersionGroup;
			children = (
				84B19B1E2C00DE9F006656CA /* JustTodo.xcdatamodel */,
			);
			currentVersion = 84B19B1E2C00DE9F006656CA /* JustTodo.xcdatamodel */;
			path = JustTodo.xcdatamodeld;
			sourceTree = "<group>";
			versionGroupType = wrapper.xcdatamodel;
		};
/* End XCVersionGroup section */
	};
	rootObject = 84B19B072C00DE9E006656CA /* Project object */;
}
